# This file is automatically @generated by Cargo.
# It is not intended for manual editing.
[[package]]
name = "cc"
version = "1.0.59"
source = "registry+https://github.com/rust-lang/crates.io-index"
checksum = "66120af515773fb005778dc07c261bd201ec8ce50bd6e7144c927753fe013381"

[[package]]
name = "either"
version = "1.6.0"
source = "registry+https://github.com/rust-lang/crates.io-index"
checksum = "cd56b59865bce947ac5958779cfa508f6c3b9497cc762b7e24a12d11ccde2c4f"

[[package]]
name = "itertools"
version = "0.9.0"
source = "registry+https://github.com/rust-lang/crates.io-index"
checksum = "284f18f85651fe11e8a991b2adb42cb078325c996ed026d994719efcfca1d54b"
dependencies = [
 "either",
]

[[package]]
name = "libc"
version = "0.2.76"
source = "registry+https://github.com/rust-lang/crates.io-index"
checksum = "755456fae044e6fa1ebbbd1b3e902ae19e73097ed4ed87bb79934a867c007bc3"

[[package]]
name = "ncurses"
version = "5.99.0"
source = "registry+https://github.com/rust-lang/crates.io-index"
checksum = "15699bee2f37e9f8828c7b35b2bc70d13846db453f2d507713b758fabe536b82"
dependencies = [
 "cc",
 "libc",
 "pkg-config",
]

[[package]]
name = "pkg-config"
version = "0.3.18"
source = "registry+https://github.com/rust-lang/crates.io-index"
checksum = "d36492546b6af1463394d46f0c834346f31548646f6ba10849802c9c9a27ac33"

[[package]]
name = "research_rust"
version = "0.1.0"
dependencies = [
 "itertools",
 "ncurses",
 "rustc-serialize",
]

[[package]]
name = "rustc-serialize"
version = "0.3.24"
source = "registry+https://github.com/rust-lang/crates.io-index"
checksum = "dcf128d1287d2ea9d80910b5f1120d0b8eede3fbf1abe91c40d39ea7d51e6fda"
