# This file is automatically @generated by Cargo.
# It is not intended for manual editing.
version = 3

[[package]]
name = "core_simd"
version = "0.1.0"
source = "git+https://github.com/rust-lang/portable-simd#65cb2c90a0688c110d983a2dbb9932900cd6b5d9"

[[package]]
name = "rust_coll_sim"
version = "0.1.0"
dependencies = [
 "core_simd",
]
